
Microsoft Visual Studio Solution File, Format Version 12.00
# Visual Studio Version 17
VisualStudioVersion = 17.4.33213.308
MinimumVisualStudioVersion = 10.0.40219.1
Project("{FAE04EC0-301F-11D3-BF4B-00C04F79EFBC}") = "ATM", "ATM\ATM.csproj", "{02A5FC11-4535-44B1-B086-C81BBE4FD5E1}"
EndProject
Global
	GlobalSection(SolutionConfigurationPlatforms) = preSolution
		Debug|Any CPU = Debug|Any CPU
		Release|Any CPU = Release|Any CPU
	EndGlobalSection
	GlobalSection(ProjectConfigurationPlatforms) = postSolution
		{02A5FC11-4535-44B1-B086-C81BBE4FD5E1}.Debug|Any CPU.ActiveCfg = Debug|Any CPU
		{02A5FC11-4535-44B1-B086-C81BBE4FD5E1}.Debug|Any CPU.Build.0 = Debug|Any CPU
		{02A5FC11-4535-44B1-B086-C81BBE4FD5E1}.Release|Any CPU.ActiveCfg = Release|Any CPU
		{02A5FC11-4535-44B1-B086-C81BBE4FD5E1}.Release|Any CPU.Build.0 = Release|Any CPU
	EndGlobalSection
	GlobalSection(SolutionProperties) = preSolution
		HideSolutionNode = FALSE
	EndGlobalSection
	GlobalSection(ExtensibilityGlobals) = postSolution
		SolutionGuid = {3F810991-1131-4BAE-901C-69B2522FB802}
	EndGlobalSection
EndGlobal
